
Microsoft Visual Studio Solution File, Format Version 12.00
# Visual Studio Version 16
VisualStudioVersion = 16.0.29409.12
MinimumVisualStudioVersion = 10.0.40219.1
Project("{8BC9CEB8-8B4A-11D0-8D11-00A0C91BC942}") = "FinanceAssistant", "FinanceAssistant.vcxproj", "{383FA550-03C6-418E-82B4-9711FC0F2F99}"
EndProject
Global
	GlobalSection(SolutionConfigurationPlatforms) = preSolution
		Debug|x64 = Debug|x64
		Debug|x86 = Debug|x86
		Release|x64 = Release|x64
		Release|x86 = Release|x86
	EndGlobalSection
	GlobalSection(ProjectConfigurationPlatforms) = postSolution
		{383FA550-03C6-418E-82B4-9711FC0F2F99}.Debug|x64.ActiveCfg = Debug|x64
		{383FA550-03C6-418E-82B4-9711FC0F2F99}.Debug|x64.Build.0 = Debug|x64
		{383FA550-03C6-418E-82B4-9711FC0F2F99}.Debug|x86.ActiveCfg = Debug|Win32
		{383FA550-03C6-418E-82B4-9711FC0F2F99}.Debug|x86.Build.0 = Debug|Win32
		{383FA550-03C6-418E-82B4-9711FC0F2F99}.Release|x64.ActiveCfg = Release|x64
		{383FA550-03C6-418E-82B4-9711FC0F2F99}.Release|x64.Build.0 = Release|x64
		{383FA550-03C6-418E-82B4-9711FC0F2F99}.Release|x86.ActiveCfg = Release|Win32
		{383FA550-03C6-418E-82B4-9711FC0F2F99}.Release|x86.Build.0 = Release|Win32
	EndGlobalSection
	GlobalSection(SolutionProperties) = preSolution
		HideSolutionNode = FALSE
	EndGlobalSection
	GlobalSection(ExtensibilityGlobals) = postSolution
		SolutionGuid = {ECE5AF59-FF5D-4EA7-B8A4-F5379DD43F2A}
	EndGlobalSection
EndGlobal
